// !$*UTF8*$!
{
	archiveVersion = 1;
	classes = {
	};
	objectVersion = 55;
	objects = {

/* Begin PBXBuildFile section */
		C0264C4F280E920700FEF2B0 /* EmotionClassifierM.mlmodel in Sources */ = {isa = PBXBuildFile; fileRef = C0264C4E280E920700FEF2B0 /* EmotionClassifierM.mlmodel */; };
		C0DFF892280DAA9700C75B7C /* WWDC2022App.swift in Sources */ = {isa = PBXBuildFile; fileRef = C0DFF891280DAA9700C75B7C /* WWDC2022App.swift */; };
		C0DFF894280DAA9700C75B7C /* ContentView.swift in Sources */ = {isa = PBXBuildFile; fileRef = C0DFF893280DAA9700C75B7C /* ContentView.swift */; };
		C0DFF896280DAA9900C75B7C /* Assets.xcassets in Resources */ = {isa = PBXBuildFile; fileRef = C0DFF895280DAA9900C75B7C /* Assets.xcassets */; };
		C0DFF899280DAA9900C75B7C /* Preview Assets.xcassets in Resources */ = {isa = PBXBuildFile; fileRef = C0DFF898280DAA9900C75B7C /* Preview Assets.xcassets */; };
		C0DFF8A2280DAADB00C75B7C /* RobotFaceView.swift in Sources */ = {isa = PBXBuildFile; fileRef = C0DFF8A1280DAADB00C75B7C /* RobotFaceView.swift */; };
		C0DFF8A4280DAAF100C75B7C /* RobotSayView.swift in Sources */ = {isa = PBXBuildFile; fileRef = C0DFF8A3280DAAF100C75B7C /* RobotSayView.swift */; };
		C0DFF8A6280DAB0600C75B7C /* SpeechView.swift in Sources */ = {isa = PBXBuildFile; fileRef = C0DFF8A5280DAB0600C75B7C /* SpeechView.swift */; };
		C0DFF8A8280DAB1D00C75B7C /* KeyboardView.swift in Sources */ = {isa = PBXBuildFile; fileRef = C0DFF8A7280DAB1D00C75B7C /* KeyboardView.swift */; };
		C0DFF8AC280DAB3800C75B7C /* EmotionClassifier.mlmodel in Sources */ = {isa = PBXBuildFile; fileRef = C0DFF8A9280DAB3800C75B7C /* EmotionClassifier.mlmodel */; };
		C0DFF8AD280DAB3800C75B7C /* EmotionClassifierPro.mlmodel in Sources */ = {isa = PBXBuildFile; fileRef = C0DFF8AA280DAB3800C75B7C /* EmotionClassifierPro.mlmodel */; };
		C0DFF8AE280DAB3800C75B7C /* TagClassifier1.mlmodel in Sources */ = {isa = PBXBuildFile; fileRef = C0DFF8AB280DAB3800C75B7C /* TagClassifier1.mlmodel */; };
		C0DFF8B0280DAB7800C75B7C /* MasterData.swift in Sources */ = {isa = PBXBuildFile; fileRef = C0DFF8AF280DAB7800C75B7C /* MasterData.swift */; };
		C0DFF8B3280DAC9100C75B7C /* MothView.swift in Sources */ = {isa = PBXBuildFile; fileRef = C0DFF8B2280DAC9100C75B7C /* MothView.swift */; };
		C0DFF8B5280DACC800C75B7C /* FaceLineView.swift in Sources */ = {isa = PBXBuildFile; fileRef = C0DFF8B4280DACC800C75B7C /* FaceLineView.swift */; };
		C0DFF8B7280DACED00C75B7C /* EyeLineView.swift in Sources */ = {isa = PBXBuildFile; fileRef = C0DFF8B6280DACED00C75B7C /* EyeLineView.swift */; };
/* End PBXBuildFile section */

/* Begin PBXFileReference section */
		C0264C4E280E920700FEF2B0 /* EmotionClassifierM.mlmodel */ = {isa = PBXFileReference; lastKnownFileType = file.mlmodel; path = EmotionClassifierM.mlmodel; sourceTree = "<group>"; };
		C0DFF88E280DAA9700C75B7C /* WWDC2022.app */ = {isa = PBXFileReference; explicitFileType = wrapper.application; includeInIndex = 0; path = WWDC2022.app; sourceTree = BUILT_PRODUCTS_DIR; };
		C0DFF891280DAA9700C75B7C /* WWDC2022App.swift */ = {isa = PBXFileReference; lastKnownFileType = sourcecode.swift; path = WWDC2022App.swift; sourceTree = "<group>"; };
		C0DFF893280DAA9700C75B7C /* ContentView.swift */ = {isa = PBXFileReference; lastKnownFileType = sourcecode.swift; path = ContentView.swift; sourceTree = "<group>"; };
		C0DFF895280DAA9900C75B7C /* Assets.xcassets */ = {isa = PBXFileReference; lastKnownFileType = folder.assetcatalog; path = Assets.xcassets; sourceTree = "<group>"; };
		C0DFF898280DAA9900C75B7C /* Preview Assets.xcassets */ = {isa = PBXFileReference; lastKnownFileType = folder.assetcatalog; path = "Preview Assets.xcassets"; sourceTree = "<group>"; };
		C0DFF8A1280DAADB00C75B7C /* RobotFaceView.swift */ = {isa = PBXFileReference; lastKnownFileType = sourcecode.swift; path = RobotFaceView.swift; sourceTree = "<group>"; };
		C0DFF8A3280DAAF100C75B7C /* RobotSayView.swift */ = {isa = PBXFileReference; lastKnownFileType = sourcecode.swift; path = RobotSayView.swift; sourceTree = "<group>"; };
		C0DFF8A5280DAB0600C75B7C /* SpeechView.swift */ = {isa = PBXFileReference; lastKnownFileType = sourcecode.swift; path = SpeechView.swift; sourceTree = "<group>"; };
		C0DFF8A7280DAB1D00C75B7C /* KeyboardView.swift */ = {isa = PBXFileReference; lastKnownFileType = sourcecode.swift; path = KeyboardView.swift; sourceTree = "<group>"; };
		C0DFF8A9280DAB3800C75B7C /* EmotionClassifier.mlmodel */ = {isa = PBXFileReference; lastKnownFileType = file.mlmodel; path = EmotionClassifier.mlmodel; sourceTree = "<group>"; };
		C0DFF8AA280DAB3800C75B7C /* EmotionClassifierPro.mlmodel */ = {isa = PBXFileReference; lastKnownFileType = file.mlmodel; path = EmotionClassifierPro.mlmodel; sourceTree = "<group>"; };
		C0DFF8AB280DAB3800C75B7C /* TagClassifier1.mlmodel */ = {isa = PBXFileReference; lastKnownFileType = file.mlmodel; path = TagClassifier1.mlmodel; sourceTree = "<group>"; };
		C0DFF8AF280DAB7800C75B7C /* MasterData.swift */ = {isa = PBXFileReference; lastKnownFileType = sourcecode.swift; path = MasterData.swift; sourceTree = "<group>"; };
		C0DFF8B2280DAC9100C75B7C /* MothView.swift */ = {isa = PBXFileReference; lastKnownFileType = sourcecode.swift; path = MothView.swift; sourceTree = "<group>"; };
		C0DFF8B4280DACC800C75B7C /* FaceLineView.swift */ = {isa = PBXFileReference; lastKnownFileType = sourcecode.swift; path = FaceLineView.swift; sourceTree = "<group>"; };
		C0DFF8B6280DACED00C75B7C /* EyeLineView.swift */ = {isa = PBXFileReference; lastKnownFileType = sourcecode.swift; path = EyeLineView.swift; sourceTree = "<group>"; };
/* End PBXFileReference section */

/* Begin PBXFrameworksBuildPhase section */
		C0DFF88B280DAA9700C75B7C /* Frameworks */ = {
			isa = PBXFrameworksBuildPhase;
			buildActionMask = 2147483647;
			files = (
			);
			runOnlyForDeploymentPostprocessing = 0;
		};
/* End PBXFrameworksBuildPhase section */

/* Begin PBXGroup section */
		C0DFF885280DAA9700C75B7C = {
			isa = PBXGroup;
			children = (
				C0DFF890280DAA9700C75B7C /* WWDC2022 */,
				C0DFF88F280DAA9700C75B7C /* Products */,
			);
			sourceTree = "<group>";
		};
		C0DFF88F280DAA9700C75B7C /* Products */ = {
			isa = PBXGroup;
			children = (
				C0DFF88E280DAA9700C75B7C /* WWDC2022.app */,
			);
			name = Products;
			sourceTree = "<group>";
		};
		C0DFF890280DAA9700C75B7C /* WWDC2022 */ = {
			isa = PBXGroup;
			children = (
				C0DFF8B1280DAB9400C75B7C /* Data */,
				C0DFF8A0280DAAB400C75B7C /* ml models */,
				C0DFF89F280DAAAB00C75B7C /* View */,
				C0DFF895280DAA9900C75B7C /* Assets.xcassets */,
				C0DFF897280DAA9900C75B7C /* Preview Content */,
			);
			path = WWDC2022;
			sourceTree = "<group>";
		};
		C0DFF897280DAA9900C75B7C /* Preview Content */ = {
			isa = PBXGroup;
			children = (
				C0DFF898280DAA9900C75B7C /* Preview Assets.xcassets */,
			);
			path = "Preview Content";
			sourceTree = "<group>";
		};
		C0DFF89F280DAAAB00C75B7C /* View */ = {
			isa = PBXGroup;
			children = (
				C0DFF891280DAA9700C75B7C /* WWDC2022App.swift */,
				C0DFF893280DAA9700C75B7C /* ContentView.swift */,
				C0DFF8A1280DAADB00C75B7C /* RobotFaceView.swift */,
				C0DFF8B4280DACC800C75B7C /* FaceLineView.swift */,
				C0DFF8B6280DACED00C75B7C /* EyeLineView.swift */,
				C0DFF8B2280DAC9100C75B7C /* MothView.swift */,
				C0DFF8A3280DAAF100C75B7C /* RobotSayView.swift */,
				C0DFF8A5280DAB0600C75B7C /* SpeechView.swift */,
				C0DFF8A7280DAB1D00C75B7C /* KeyboardView.swift */,
			);
			path = View;
			sourceTree = "<group>";
		};
		C0DFF8A0280DAAB400C75B7C /* ml models */ = {
			isa = PBXGroup;
			children = (
				C0264C4E280E920700FEF2B0 /* EmotionClassifierM.mlmodel */,
				C0DFF8A9280DAB3800C75B7C /* EmotionClassifier.mlmodel */,
				C0DFF8AA280DAB3800C75B7C /* EmotionClassifierPro.mlmodel */,
				C0DFF8AB280DAB3800C75B7C /* TagClassifier1.mlmodel */,
			);
			path = "ml models";
			sourceTree = "<group>";
		};
		C0DFF8B1280DAB9400C75B7C /* Data */ = {
			isa = PBXGroup;
			children = (
				C0DFF8AF280DAB7800C75B7C /* MasterData.swift */,
			);
			path = Data;
			sourceTree = "<group>";
		};
/* End PBXGroup section */

/* Begin PBXNativeTarget section */
		C0DFF88D280DAA9700C75B7C /* WWDC2022 */ = {
			isa = PBXNativeTarget;
			buildConfigurationList = C0DFF89C280DAA9900C75B7C /* Build configuration list for PBXNativeTarget "WWDC2022" */;
			buildPhases = (
				C0DFF88A280DAA9700C75B7C /* Sources */,
				C0DFF88B280DAA9700C75B7C /* Frameworks */,
				C0DFF88C280DAA9700C75B7C /* Resources */,
			);
			buildRules = (
			);
			dependencies = (
			);
			name = WWDC2022;
			productName = WWDC2022;
			productReference = C0DFF88E280DAA9700C75B7C /* WWDC2022.app */;
			productType = "com.apple.product-type.application";
		};
/* End PBXNativeTarget section */

/* Begin PBXProject section */
		C0DFF886280DAA9700C75B7C /* Project object */ = {
			isa = PBXProject;
			attributes = {
				BuildIndependentTargetsInParallel = 1;
				LastSwiftUpdateCheck = 1330;
				LastUpgradeCheck = 1330;
				TargetAttributes = {
					C0DFF88D280DAA9700C75B7C = {
						CreatedOnToolsVersion = 13.3;
					};
				};
			};
			buildConfigurationList = C0DFF889280DAA9700C75B7C /* Build configuration list for PBXProject "WWDC2022" */;
			compatibilityVersion = "Xcode 13.0";
			developmentRegion = en;
			hasScannedForEncodings = 0;
			knownRegions = (
				en,
				Base,
			);
			mainGroup = C0DFF885280DAA9700C75B7C;
			productRefGroup = C0DFF88F280DAA9700C75B7C /* Products */;
			projectDirPath = "";
			projectRoot = "";
			targets = (
				C0DFF88D280DAA9700C75B7C /* WWDC2022 */,
			);
		};
/* End PBXProject section */

/* Begin PBXResourcesBuildPhase section */
		C0DFF88C280DAA9700C75B7C /* Resources */ = {
			isa = PBXResourcesBuildPhase;
			buildActionMask = 2147483647;
			files = (
				C0DFF899280DAA9900C75B7C /* Preview Assets.xcassets in Resources */,
				C0DFF896280DAA9900C75B7C /* Assets.xcassets in Resources */,
			);
			runOnlyForDeploymentPostprocessing = 0;
		};
/* End PBXResourcesBuildPhase section */

/* Begin PBXSourcesBuildPhase section */
		C0DFF88A280DAA9700C75B7C /* Sources */ = {
			isa = PBXSourcesBuildPhase;
			buildActionMask = 2147483647;
			files = (
				C0DFF8A2280DAADB00C75B7C /* RobotFaceView.swift in Sources */,
				C0DFF8B0280DAB7800C75B7C /* MasterData.swift in Sources */,
				C0DFF8AE280DAB3800C75B7C /* TagClassifier1.mlmodel in Sources */,
				C0DFF8B3280DAC9100C75B7C /* MothView.swift in Sources */,
				C0DFF8B7280DACED00C75B7C /* EyeLineView.swift in Sources */,
				C0DFF894280DAA9700C75B7C /* ContentView.swift in Sources */,
				C0DFF892280DAA9700C75B7C /* WWDC2022App.swift in Sources */,
				C0DFF8A8280DAB1D00C75B7C /* KeyboardView.swift in Sources */,
				C0DFF8A6280DAB0600C75B7C /* SpeechView.swift in Sources */,
				C0DFF8AD280DAB3800C75B7C /* EmotionClassifierPro.mlmodel in Sources */,
				C0DFF8A4280DAAF100C75B7C /* RobotSayView.swift in Sources */,
				C0264C4F280E920700FEF2B0 /* EmotionClassifierM.mlmodel in Sources */,
				C0DFF8AC280DAB3800C75B7C /* EmotionClassifier.mlmodel in Sources */,
				C0DFF8B5280DACC800C75B7C /* FaceLineView.swift in Sources */,
			);
			runOnlyForDeploymentPostprocessing = 0;
		};
/* End PBXSourcesBuildPhase section */

/* Begin XCBuildConfiguration section */
		C0DFF89A280DAA9900C75B7C /* Debug */ = {
			isa = XCBuildConfiguration;
			buildSettings = {
				ALWAYS_SEARCH_USER_PATHS = NO;
				CLANG_ANALYZER_NONNULL = YES;
				CLANG_ANALYZER_NUMBER_OBJECT_CONVERSION = YES_AGGRESSIVE;
				CLANG_CXX_LANGUAGE_STANDARD = "gnu++17";
				CLANG_ENABLE_MODULES = YES;
				CLANG_ENABLE_OBJC_ARC = YES;
				CLANG_ENABLE_OBJC_WEAK = YES;
				CLANG_WARN_BLOCK_CAPTURE_AUTORELEASING = YES;
				CLANG_WARN_BOOL_CONVERSION = YES;
				CLANG_WARN_COMMA = YES;
				CLANG_WARN_CONSTANT_CONVERSION = YES;
				CLANG_WARN_DEPRECATED_OBJC_IMPLEMENTATIONS = YES;
				CLANG_WARN_DIRECT_OBJC_ISA_USAGE = YES_ERROR;
				CLANG_WARN_DOCUMENTATION_COMMENTS = YES;
				CLANG_WARN_EMPTY_BODY = YES;
				CLANG_WARN_ENUM_CONVERSION = YES;
				CLANG_WARN_INFINITE_RECURSION = YES;
				CLANG_WARN_INT_CONVERSION = YES;
				CLANG_WARN_NON_LITERAL_NULL_CONVERSION = YES;
				CLANG_WARN_OBJC_IMPLICIT_RETAIN_SELF = YES;
				CLANG_WARN_OBJC_LITERAL_CONVERSION = YES;
				CLANG_WARN_OBJC_ROOT_CLASS = YES_ERROR;
				CLANG_WARN_QUOTED_INCLUDE_IN_FRAMEWORK_HEADER = YES;
				CLANG_WARN_RANGE_LOOP_ANALYSIS = YES;
				CLANG_WARN_STRICT_PROTOTYPES = YES;
				CLANG_WARN_SUSPICIOUS_MOVE = YES;
				CLANG_WARN_UNGUARDED_AVAILABILITY = YES_AGGRESSIVE;
				CLANG_WARN_UNREACHABLE_CODE = YES;
				CLANG_WARN__DUPLICATE_METHOD_MATCH = YES;
				COPY_PHASE_STRIP = NO;
				DEBUG_INFORMATION_FORMAT = dwarf;
				ENABLE_STRICT_OBJC_MSGSEND = YES;
				ENABLE_TESTABILITY = YES;
				GCC_C_LANGUAGE_STANDARD = gnu11;
				GCC_DYNAMIC_NO_PIC = NO;
				GCC_NO_COMMON_BLOCKS = YES;
				GCC_OPTIMIZATION_LEVEL = 0;
				GCC_PREPROCESSOR_DEFINITIONS = (
					"DEBUG=1",
					"$(inherited)",
				);
				GCC_WARN_64_TO_32_BIT_CONVERSION = YES;
				GCC_WARN_ABOUT_RETURN_TYPE = YES_ERROR;
				GCC_WARN_UNDECLARED_SELECTOR = YES;
				GCC_WARN_UNINITIALIZED_AUTOS = YES_AGGRESSIVE;
				GCC_WARN_UNUSED_FUNCTION = YES;
				GCC_WARN_UNUSED_VARIABLE = YES;
				IPHONEOS_DEPLOYMENT_TARGET = 15.4;
				MTL_ENABLE_DEBUG_INFO = INCLUDE_SOURCE;
				MTL_FAST_MATH = YES;
				ONLY_ACTIVE_ARCH = YES;
				SDKROOT = iphoneos;
				SWIFT_ACTIVE_COMPILATION_CONDITIONS = DEBUG;
				SWIFT_OPTIMIZATION_LEVEL = "-Onone";
			};
			name = Debug;
		};
		C0DFF89B280DAA9900C75B7C /* Release */ = {
			isa = XCBuildConfiguration;
			buildSettings = {
				ALWAYS_SEARCH_USER_PATHS = NO;
				CLANG_ANALYZER_NONNULL = YES;
				CLANG_ANALYZER_NUMBER_OBJECT_CONVERSION = YES_AGGRESSIVE;
				CLANG_CXX_LANGUAGE_STANDARD = "gnu++17";
				CLANG_ENABLE_MODULES = YES;
				CLANG_ENABLE_OBJC_ARC = YES;
				CLANG_ENABLE_OBJC_WEAK = YES;
				CLANG_WARN_BLOCK_CAPTURE_AUTORELEASING = YES;
				CLANG_WARN_BOOL_CONVERSION = YES;
				CLANG_WARN_COMMA = YES;
				CLANG_WARN_CONSTANT_CONVERSION = YES;
				CLANG_WARN_DEPRECATED_OBJC_IMPLEMENTATIONS = YES;
				CLANG_WARN_DIRECT_OBJC_ISA_USAGE = YES_ERROR;
				CLANG_WARN_DOCUMENTATION_COMMENTS = YES;
				CLANG_WARN_EMPTY_BODY = YES;
				CLANG_WARN_ENUM_CONVERSION = YES;
				CLANG_WARN_INFINITE_RECURSION = YES;
				CLANG_WARN_INT_CONVERSION = YES;
				CLANG_WARN_NON_LITERAL_NULL_CONVERSION = YES;
				CLANG_WARN_OBJC_IMPLICIT_RETAIN_SELF = YES;
				CLANG_WARN_OBJC_LITERAL_CONVERSION = YES;
				CLANG_WARN_OBJC_ROOT_CLASS = YES_ERROR;
				CLANG_WARN_QUOTED_INCLUDE_IN_FRAMEWORK_HEADER = YES;
				CLANG_WARN_RANGE_LOOP_ANALYSIS = YES;
				CLANG_WARN_STRICT_PROTOTYPES = YES;
				CLANG_WARN_SUSPICIOUS_MOVE = YES;
				CLANG_WARN_UNGUARDED_AVAILABILITY = YES_AGGRESSIVE;
				CLANG_WARN_UNREACHABLE_CODE = YES;
				CLANG_WARN__DUPLICATE_METHOD_MATCH = YES;
				COPY_PHASE_STRIP = NO;
				DEBUG_INFORMATION_FORMAT = "dwarf-with-dsym";
				ENABLE_NS_ASSERTIONS = NO;
				ENABLE_STRICT_OBJC_MSGSEND = YES;
				GCC_C_LANGUAGE_STANDARD = gnu11;
				GCC_NO_COMMON_BLOCKS = YES;
				GCC_WARN_64_TO_32_BIT_CONVERSION = YES;
				GCC_WARN_ABOUT_RETURN_TYPE = YES_ERROR;
				GCC_WARN_UNDECLARED_SELECTOR = YES;
				GCC_WARN_UNINITIALIZED_AUTOS = YES_AGGRESSIVE;
				GCC_WARN_UNUSED_FUNCTION = YES;
				GCC_WARN_UNUSED_VARIABLE = YES;
				IPHONEOS_DEPLOYMENT_TARGET = 15.4;
				MTL_ENABLE_DEBUG_INFO = NO;
				MTL_FAST_MATH = YES;
				SDKROOT = iphoneos;
				SWIFT_COMPILATION_MODE = wholemodule;
				SWIFT_OPTIMIZATION_LEVEL = "-O";
				VALIDATE_PRODUCT = YES;
			};
			name = Release;
		};
		C0DFF89D280DAA9900C75B7C /* Debug */ = {
			isa = XCBuildConfiguration;
			buildSettings = {
				ASSETCATALOG_COMPILER_APPICON_NAME = AppIcon;
				ASSETCATALOG_COMPILER_GLOBAL_ACCENT_COLOR_NAME = AccentColor;
				CODE_SIGN_STYLE = Automatic;
				CURRENT_PROJECT_VERSION = 1;
				DEVELOPMENT_ASSET_PATHS = "\"WWDC2022/Preview Content\"";
				DEVELOPMENT_TEAM = TC55M6A6Z4;
				ENABLE_PREVIEWS = YES;
				GENERATE_INFOPLIST_FILE = YES;
				INFOPLIST_KEY_NSMicrophoneUsageDescription = "To delivewr what you said to robot";
				INFOPLIST_KEY_NSSpeechRecognitionUsageDescription = "To hear what you say";
				INFOPLIST_KEY_UIApplicationSceneManifest_Generation = YES;
				INFOPLIST_KEY_UIApplicationSupportsIndirectInputEvents = YES;
				INFOPLIST_KEY_UILaunchScreen_Generation = YES;
				INFOPLIST_KEY_UISupportedInterfaceOrientations_iPad = "UIInterfaceOrientationPortrait UIInterfaceOrientationPortraitUpsideDown UIInterfaceOrientationLandscapeLeft UIInterfaceOrientationLandscapeRight";
				INFOPLIST_KEY_UISupportedInterfaceOrientations_iPhone = "UIInterfaceOrientationPortrait UIInterfaceOrientationLandscapeLeft UIInterfaceOrientationLandscapeRight";
				LD_RUNPATH_SEARCH_PATHS = (
					"$(inherited)",
					"@executable_path/Frameworks",
				);
				MARKETING_VERSION = 1.0;
				PRODUCT_BUNDLE_IDENTIFIER = seungjunLee.WWDC2022;
				PRODUCT_NAME = "$(TARGET_NAME)";
				SWIFT_EMIT_LOC_STRINGS = YES;
				SWIFT_VERSION = 5.0;
				TARGETED_DEVICE_FAMILY = "1,2";
			};
			name = Debug;
		};
		C0DFF89E280DAA9900C75B7C /* Release */ = {
			isa = XCBuildConfiguration;
			buildSettings = {
				ASSETCATALOG_COMPILER_APPICON_NAME = AppIcon;
				ASSETCATALOG_COMPILER_GLOBAL_ACCENT_COLOR_NAME = AccentColor;
				CODE_SIGN_STYLE = Automatic;
				CURRENT_PROJECT_VERSION = 1;
				DEVELOPMENT_ASSET_PATHS = "\"WWDC2022/Preview Content\"";
				DEVELOPMENT_TEAM = TC55M6A6Z4;
				ENABLE_PREVIEWS = YES;
				GENERATE_INFOPLIST_FILE = YES;
				INFOPLIST_KEY_NSMicrophoneUsageDescription = "To delivewr what you said to robot";
				INFOPLIST_KEY_NSSpeechRecognitionUsageDescription = "To hear what you say";
				INFOPLIST_KEY_UIApplicationSceneManifest_Generation = YES;
				INFOPLIST_KEY_UIApplicationSupportsIndirectInputEvents = YES;
				INFOPLIST_KEY_UILaunchScreen_Generation = YES;
				INFOPLIST_KEY_UISupportedInterfaceOrientations_iPad = "UIInterfaceOrientationPortrait UIInterfaceOrientationPortraitUpsideDown UIInterfaceOrientationLandscapeLeft UIInterfaceOrientationLandscapeRight";
				INFOPLIST_KEY_UISupportedInterfaceOrientations_iPhone = "UIInterfaceOrientationPortrait UIInterfaceOrientationLandscapeLeft UIInterfaceOrientationLandscapeRight";
				LD_RUNPATH_SEARCH_PATHS = (
					"$(inherited)",
					"@executable_path/Frameworks",
				);
				MARKETING_VERSION = 1.0;
				PRODUCT_BUNDLE_IDENTIFIER = seungjunLee.WWDC2022;
				PRODUCT_NAME = "$(TARGET_NAME)";
				SWIFT_EMIT_LOC_STRINGS = YES;
				SWIFT_VERSION = 5.0;
				TARGETED_DEVICE_FAMILY = "1,2";
			};
			name = Release;
		};
/* End XCBuildConfiguration section */

/* Begin XCConfigurationList section */
		C0DFF889280DAA9700C75B7C /* Build configuration list for PBXProject "WWDC2022" */ = {
			isa = XCConfigurationList;
			buildConfigurations = (
				C0DFF89A280DAA9900C75B7C /* Debug */,
				C0DFF89B280DAA9900C75B7C /* Release */,
			);
			defaultConfigurationIsVisible = 0;
			defaultConfigurationName = Release;
		};
		C0DFF89C280DAA9900C75B7C /* Build configuration list for PBXNativeTarget "WWDC2022" */ = {
			isa = XCConfigurationList;
			buildConfigurations = (
				C0DFF89D280DAA9900C75B7C /* Debug */,
				C0DFF89E280DAA9900C75B7C /* Release */,
			);
			defaultConfigurationIsVisible = 0;
			defaultConfigurationName = Release;
		};
/* End XCConfigurationList section */
	};
	rootObject = C0DFF886280DAA9700C75B7C /* Project object */;
}
